// !$*UTF8*$!
{
	archiveVersion = 1;
	classes = {
	};
	objectVersion = 46;
	objects = {

/* Begin PBXBuildFile section */
		CECA7D721DD1E8470044ECEA /* AppDelegate.swift in Sources */ = {isa = PBXBuildFile; fileRef = CECA7D711DD1E8470044ECEA /* AppDelegate.swift */; };
		CECA7D741DD1E8470044ECEA /* ViewController.swift in Sources */ = {isa = PBXBuildFile; fileRef = CECA7D731DD1E8470044ECEA /* ViewController.swift */; };
		CECA7D771DD1E8470044ECEA /* Main.storyboard in Resources */ = {isa = PBXBuildFile; fileRef = CECA7D751DD1E8470044ECEA /* Main.storyboard */; };
		CECA7D791DD1E8470044ECEA /* Assets.xcassets in Resources */ = {isa = PBXBuildFile; fileRef = CECA7D781DD1E8470044ECEA /* Assets.xcassets */; };
		CECA7D7C1DD1E8480044ECEA /* LaunchScreen.storyboard in Resources */ = {isa = PBXBuildFile; fileRef = CECA7D7A1DD1E8480044ECEA /* LaunchScreen.storyboard */; };
/* End PBXBuildFile section */

/* Begin PBXFileReference section */
		CECA7D6E1DD1E8470044ECEA /* thomaskamps-pset2.app */ = {isa = PBXFileReference; explicitFileType = wrapper.application; includeInIndex = 0; path = "thomaskamps-pset2.app"; sourceTree = BUILT_PRODUCTS_DIR; };
		CECA7D711DD1E8470044ECEA /* AppDelegate.swift */ = {isa = PBXFileReference; lastKnownFileType = sourcecode.swift; path = AppDelegate.swift; sourceTree = "<group>"; };
		CECA7D731DD1E8470044ECEA /* ViewController.swift */ = {isa = PBXFileReference; lastKnownFileType = sourcecode.swift; path = ViewController.swift; sourceTree = "<group>"; };
		CECA7D761DD1E8470044ECEA /* Base */ = {isa = PBXFileReference; lastKnownFileType = file.storyboard; name = Base; path = Base.lproj/Main.storyboard; sourceTree = "<group>"; };
		CECA7D781DD1E8470044ECEA /* Assets.xcassets */ = {isa = PBXFileReference; lastKnownFileType = folder.assetcatalog; path = Assets.xcassets; sourceTree = "<group>"; };
		CECA7D7B1DD1E8480044ECEA /* Base */ = {isa = PBXFileReference; lastKnownFileType = file.storyboard; name = Base; path = Base.lproj/LaunchScreen.storyboard; sourceTree = "<group>"; };
		CECA7D7D1DD1E8480044ECEA /* Info.plist */ = {isa = PBXFileReference; lastKnownFileType = text.plist.xml; path = Info.plist; sourceTree = "<group>"; };
/* End PBXFileReference section */

/* Begin PBXFrameworksBuildPhase section */
		CECA7D6B1DD1E8470044ECEA /* Frameworks */ = {
			isa = PBXFrameworksBuildPhase;
			buildActionMask = 2147483647;
			files = (
			);
			runOnlyForDeploymentPostprocessing = 0;
		};
/* End PBXFrameworksBuildPhase section */

/* Begin PBXGroup section */
		CECA7D651DD1E8470044ECEA = {
			isa = PBXGroup;
			children = (
				CECA7D701DD1E8470044ECEA /* thomaskamps-pset2 */,
				CECA7D6F1DD1E8470044ECEA /* Products */,
			);
			sourceTree = "<group>";
		};
		CECA7D6F1DD1E8470044ECEA /* Products */ = {
			isa = PBXGroup;
			children = (
				CECA7D6E1DD1E8470044ECEA /* thomaskamps-pset2.app */,
			);
			name = Products;
			sourceTree = "<group>";
		};
		CECA7D701DD1E8470044ECEA /* thomaskamps-pset2 */ = {
			isa = PBXGroup;
			children = (
				CECA7D711DD1E8470044ECEA /* AppDelegate.swift */,
				CECA7D731DD1E8470044ECEA /* ViewController.swift */,
				CECA7D751DD1E8470044ECEA /* Main.storyboard */,
				CECA7D781DD1E8470044ECEA /* Assets.xcassets */,
				CECA7D7A1DD1E8480044ECEA /* LaunchScreen.storyboard */,
				CECA7D7D1DD1E8480044ECEA /* Info.plist */,
			);
			path = "thomaskamps-pset2";
			sourceTree = "<group>";
		};
/* End PBXGroup section */

/* Begin PBXNativeTarget section */
		CECA7D6D1DD1E8470044ECEA /* thomaskamps-pset2 */ = {
			isa = PBXNativeTarget;
			buildConfigurationList = CECA7D801DD1E8480044ECEA /* Build configuration list for PBXNativeTarget "thomaskamps-pset2" */;
			buildPhases = (
				CECA7D6A1DD1E8470044ECEA /* Sources */,
				CECA7D6B1DD1E8470044ECEA /* Frameworks */,
				CECA7D6C1DD1E8470044ECEA /* Resources */,
			);
			buildRules = (
			);
			dependencies = (
			);
			name = "thomaskamps-pset2";
			productName = "thomaskamps-pset2";
			productReference = CECA7D6E1DD1E8470044ECEA /* thomaskamps-pset2.app */;
			productType = "com.apple.product-type.application";
		};
/* End PBXNativeTarget section */

/* Begin PBXProject section */
		CECA7D661DD1E8470044ECEA /* Project object */ = {
			isa = PBXProject;
			attributes = {
				LastSwiftUpdateCheck = 0810;
				LastUpgradeCheck = 0810;
				ORGANIZATIONNAME = "Thomas Kamps";
				TargetAttributes = {
					CECA7D6D1DD1E8470044ECEA = {
						CreatedOnToolsVersion = 8.1;
						DevelopmentTeam = 4W94L64SGM;
						ProvisioningStyle = Automatic;
					};
				};
			};
			buildConfigurationList = CECA7D691DD1E8470044ECEA /* Build configuration list for PBXProject "thomaskamps-pset2" */;
			compatibilityVersion = "Xcode 3.2";
			developmentRegion = English;
			hasScannedForEncodings = 0;
			knownRegions = (
				en,
				Base,
			);
			mainGroup = CECA7D651DD1E8470044ECEA;
			productRefGroup = CECA7D6F1DD1E8470044ECEA /* Products */;
			projectDirPath = "";
			projectRoot = "";
			targets = (
				CECA7D6D1DD1E8470044ECEA /* thomaskamps-pset2 */,
			);
		};
/* End PBXProject section */

/* Begin PBXResourcesBuildPhase section */
		CECA7D6C1DD1E8470044ECEA /* Resources */ = {
			isa = PBXResourcesBuildPhase;
			buildActionMask = 2147483647;
			files = (
				CECA7D7C1DD1E8480044ECEA /* LaunchScreen.storyboard in Resources */,
				CECA7D791DD1E8470044ECEA /* Assets.xcassets in Resources */,
				CECA7D771DD1E8470044ECEA /* Main.storyboard in Resources */,
			);
			runOnlyForDeploymentPostprocessing = 0;
		};
/* End PBXResourcesBuildPhase section */

/* Begin PBXSourcesBuildPhase section */
		CECA7D6A1DD1E8470044ECEA /* Sources */ = {
			isa = PBXSourcesBuildPhase;
			buildActionMask = 2147483647;
			files = (
				CECA7D741DD1E8470044ECEA /* ViewController.swift in Sources */,
				CECA7D721DD1E8470044ECEA /* AppDelegate.swift in Sources */,
			);
			runOnlyForDeploymentPostprocessing = 0;
		};
/* End PBXSourcesBuildPhase section */

/* Begin PBXVariantGroup section */
		CECA7D751DD1E8470044ECEA /* Main.storyboard */ = {
			isa = PBXVariantGroup;
			children = (
				CECA7D761DD1E8470044ECEA /* Base */,
			);
			name = Main.storyboard;
			sourceTree = "<group>";
		};
		CECA7D7A1DD1E8480044ECEA /* LaunchScreen.storyboard */ = {
			isa = PBXVariantGroup;
			children = (
				CECA7D7B1DD1E8480044ECEA /* Base */,
			);
			name = LaunchScreen.storyboard;
			sourceTree = "<group>";
		};
/* End PBXVariantGroup section */

/* Begin XCBuildConfiguration section */
		CECA7D7E1DD1E8480044ECEA /* Debug */ = {
			isa = XCBuildConfiguration;
			buildSettings = {
				ALWAYS_SEARCH_USER_PATHS = NO;
				CLANG_ANALYZER_NONNULL = YES;
				CLANG_CXX_LANGUAGE_STANDARD = "gnu++0x";
				CLANG_CXX_LIBRARY = "libc++";
				CLANG_ENABLE_MODULES = YES;
				CLANG_ENABLE_OBJC_ARC = YES;
				CLANG_WARN_BOOL_CONVERSION = YES;
				CLANG_WARN_CONSTANT_CONVERSION = YES;
				CLANG_WARN_DIRECT_OBJC_ISA_USAGE = YES_ERROR;
				CLANG_WARN_DOCUMENTATION_COMMENTS = YES;
				CLANG_WARN_EMPTY_BODY = YES;
				CLANG_WARN_ENUM_CONVERSION = YES;
				CLANG_WARN_INFINITE_RECURSION = YES;
				CLANG_WARN_INT_CONVERSION = YES;
				CLANG_WARN_OBJC_ROOT_CLASS = YES_ERROR;
				CLANG_WARN_SUSPICIOUS_MOVES = YES;
				CLANG_WARN_UNREACHABLE_CODE = YES;
				CLANG_WARN__DUPLICATE_METHOD_MATCH = YES;
				"CODE_SIGN_IDENTITY[sdk=iphoneos*]" = "iPhone Developer";
				COPY_PHASE_STRIP = NO;
				DEBUG_INFORMATION_FORMAT = dwarf;
				ENABLE_STRICT_OBJC_MSGSEND = YES;
				ENABLE_TESTABILITY = YES;
				GCC_C_LANGUAGE_STANDARD = gnu99;
				GCC_DYNAMIC_NO_PIC = NO;
				GCC_NO_COMMON_BLOCKS = YES;
				GCC_OPTIMIZATION_LEVEL = 0;
				GCC_PREPROCESSOR_DEFINITIONS = (
					"DEBUG=1",
					"$(inherited)",
				);
				GCC_WARN_64_TO_32_BIT_CONVERSION = YES;
				GCC_WARN_ABOUT_RETURN_TYPE = YES_ERROR;
				GCC_WARN_UNDECLARED_SELECTOR = YES;
				GCC_WARN_UNINITIALIZED_AUTOS = YES_AGGRESSIVE;
				GCC_WARN_UNUSED_FUNCTION = YES;
				GCC_WARN_UNUSED_VARIABLE = YES;
				IPHONEOS_DEPLOYMENT_TARGET = 10.1;
				MTL_ENABLE_DEBUG_INFO = YES;
				ONLY_ACTIVE_ARCH = YES;
				SDKROOT = iphoneos;
				SWIFT_ACTIVE_COMPILATION_CONDITIONS = DEBUG;
				SWIFT_OPTIMIZATION_LEVEL = "-Onone";
				TARGETED_DEVICE_FAMILY = "1,2";
			};
			name = Debug;
		};
		CECA7D7F1DD1E8480044ECEA /* Release */ = {
			isa = XCBuildConfiguration;
			buildSettings = {
				ALWAYS_SEARCH_USER_PATHS = NO;
				CLANG_ANALYZER_NONNULL = YES;
				CLANG_CXX_LANGUAGE_STANDARD = "gnu++0x";
				CLANG_CXX_LIBRARY = "libc++";
				CLANG_ENABLE_MODULES = YES;
				CLANG_ENABLE_OBJC_ARC = YES;
				CLANG_WARN_BOOL_CONVERSION = YES;
				CLANG_WARN_CONSTANT_CONVERSION = YES;
				CLANG_WARN_DIRECT_OBJC_ISA_USAGE = YES_ERROR;
				CLANG_WARN_DOCUMENTATION_COMMENTS = YES;
				CLANG_WARN_EMPTY_BODY = YES;
				CLANG_WARN_ENUM_CONVERSION = YES;
				CLANG_WARN_INFINITE_RECURSION = YES;
				CLANG_WARN_INT_CONVERSION = YES;
				CLANG_WARN_OBJC_ROOT_CLASS = YES_ERROR;
				CLANG_WARN_SUSPICIOUS_MOVES = YES;
				CLANG_WARN_UNREACHABLE_CODE = YES;
				CLANG_WARN__DUPLICATE_METHOD_MATCH = YES;
				"CODE_SIGN_IDENTITY[sdk=iphoneos*]" = "iPhone Developer";
				COPY_PHASE_STRIP = NO;
				DEBUG_INFORMATION_FORMAT = "dwarf-with-dsym";
				ENABLE_NS_ASSERTIONS = NO;
				ENABLE_STRICT_OBJC_MSGSEND = YES;
				GCC_C_LANGUAGE_STANDARD = gnu99;
				GCC_NO_COMMON_BLOCKS = YES;
				GCC_WARN_64_TO_32_BIT_CONVERSION = YES;
				GCC_WARN_ABOUT_RETURN_TYPE = YES_ERROR;
				GCC_WARN_UNDECLARED_SELECTOR = YES;
				GCC_WARN_UNINITIALIZED_AUTOS = YES_AGGRESSIVE;
				GCC_WARN_UNUSED_FUNCTION = YES;
				GCC_WARN_UNUSED_VARIABLE = YES;
				IPHONEOS_DEPLOYMENT_TARGET = 10.1;
				MTL_ENABLE_DEBUG_INFO = NO;
				SDKROOT = iphoneos;
				SWIFT_OPTIMIZATION_LEVEL = "-Owholemodule";
				TARGETED_DEVICE_FAMILY = "1,2";
				VALIDATE_PRODUCT = YES;
			};
			name = Release;
		};
		CECA7D811DD1E8480044ECEA /* Debug */ = {
			isa = XCBuildConfiguration;
			buildSettings = {
				ASSETCATALOG_COMPILER_APPICON_NAME = AppIcon;
				DEVELOPMENT_TEAM = 4W94L64SGM;
				INFOPLIST_FILE = "thomaskamps-pset2/Info.plist";
				LD_RUNPATH_SEARCH_PATHS = "$(inherited) @executable_path/Frameworks";
				PRODUCT_BUNDLE_IDENTIFIER = "thomaskamps.thomaskamps-pset2";
				PRODUCT_NAME = "$(TARGET_NAME)";
				SWIFT_VERSION = 3.0;
			};
			name = Debug;
		};
		CECA7D821DD1E8480044ECEA /* Release */ = {
			isa = XCBuildConfiguration;
			buildSettings = {
				ASSETCATALOG_COMPILER_APPICON_NAME = AppIcon;
				DEVELOPMENT_TEAM = 4W94L64SGM;
				INFOPLIST_FILE = "thomaskamps-pset2/Info.plist";
				LD_RUNPATH_SEARCH_PATHS = "$(inherited) @executable_path/Frameworks";
				PRODUCT_BUNDLE_IDENTIFIER = "thomaskamps.thomaskamps-pset2";
				PRODUCT_NAME = "$(TARGET_NAME)";
				SWIFT_VERSION = 3.0;
			};
			name = Release;
		};
/* End XCBuildConfiguration section */

/* Begin XCConfigurationList section */
		CECA7D691DD1E8470044ECEA /* Build configuration list for PBXProject "thomaskamps-pset2" */ = {
			isa = XCConfigurationList;
			buildConfigurations = (
				CECA7D7E1DD1E8480044ECEA /* Debug */,
				CECA7D7F1DD1E8480044ECEA /* Release */,
			);
			defaultConfigurationIsVisible = 0;
			defaultConfigurationName = Release;
		};
		CECA7D801DD1E8480044ECEA /* Build configuration list for PBXNativeTarget "thomaskamps-pset2" */ = {
			isa = XCConfigurationList;
			buildConfigurations = (
				CECA7D811DD1E8480044ECEA /* Debug */,
				CECA7D821DD1E8480044ECEA /* Release */,
			);
			defaultConfigurationIsVisible = 0;
		};
/* End XCConfigurationList section */
	};
	rootObject = CECA7D661DD1E8470044ECEA /* Project object */;
}
